
Microsoft Visual Studio Solution File, Format Version 12.00
# Visual Studio Version 16
VisualStudioVersion = 16.0.29215.179
MinimumVisualStudioVersion = 10.0.40219.1
Project("{FAE04EC0-301F-11D3-BF4B-00C04F79EFBC}") = "Niranjan_Book Shop", "Niranjan_Book Shop.csproj", "{9F095DC9-0513-44FE-9273-C6AA009419BB}"
EndProject
Global
	GlobalSection(SolutionConfigurationPlatforms) = preSolution
		Debug|Any CPU = Debug|Any CPU
		Release|Any CPU = Release|Any CPU
	EndGlobalSection
	GlobalSection(ProjectConfigurationPlatforms) = postSolution
		{9F095DC9-0513-44FE-9273-C6AA009419BB}.Debug|Any CPU.ActiveCfg = Debug|Any CPU
		{9F095DC9-0513-44FE-9273-C6AA009419BB}.Debug|Any CPU.Build.0 = Debug|Any CPU
		{9F095DC9-0513-44FE-9273-C6AA009419BB}.Release|Any CPU.ActiveCfg = Release|Any CPU
		{9F095DC9-0513-44FE-9273-C6AA009419BB}.Release|Any CPU.Build.0 = Release|Any CPU
	EndGlobalSection
	GlobalSection(SolutionProperties) = preSolution
		HideSolutionNode = FALSE
	EndGlobalSection
	GlobalSection(ExtensibilityGlobals) = postSolution
		SolutionGuid = {52266EF7-B768-44A6-A770-A788371A6A51}
	EndGlobalSection
EndGlobal
